
Microsoft Visual Studio Solution File, Format Version 12.00
# Visual Studio Version 17
VisualStudioVersion = 17.11.35327.3
MinimumVisualStudioVersion = 10.0.40219.1
Project("{FAE04EC0-301F-11D3-BF4B-00C04F79EFBC}") = "hotel_app", "hotel_app.csproj", "{7139063E-F27F-4DE7-BEFE-472FEC8A016B}"
EndProject
Global
	GlobalSection(SolutionConfigurationPlatforms) = preSolution
		Debug|Any CPU = Debug|Any CPU
		Release|Any CPU = Release|Any CPU
	EndGlobalSection
	GlobalSection(ProjectConfigurationPlatforms) = postSolution
		{7139063E-F27F-4DE7-BEFE-472FEC8A016B}.Debug|Any CPU.ActiveCfg = Debug|Any CPU
		{7139063E-F27F-4DE7-BEFE-472FEC8A016B}.Debug|Any CPU.Build.0 = Debug|Any CPU
		{7139063E-F27F-4DE7-BEFE-472FEC8A016B}.Release|Any CPU.ActiveCfg = Release|Any CPU
		{7139063E-F27F-4DE7-BEFE-472FEC8A016B}.Release|Any CPU.Build.0 = Release|Any CPU
	EndGlobalSection
	GlobalSection(SolutionProperties) = preSolution
		HideSolutionNode = FALSE
	EndGlobalSection
	GlobalSection(ExtensibilityGlobals) = postSolution
		SolutionGuid = {F6B0548A-2A87-432E-AEB2-DD23AA7BE1AE}
	EndGlobalSection
EndGlobal
